
Microsoft Visual Studio Solution File, Format Version 12.00
# Visual Studio 15
VisualStudioVersion = 15.0.26124.0
MinimumVisualStudioVersion = 15.0.26124.0
Project("{FAE04EC0-301F-11D3-BF4B-00C04F79EFBC}") = "SVR_App2", "SVR_App2\SVR_App2.csproj", "{525A7BD9-2B9C-45BC-8C37-9DA733CB3953}"
EndProject
Project("{FAE04EC0-301F-11D3-BF4B-00C04F79EFBC}") = "IOOperations", "IOOperations\IOOperations.csproj", "{B46C64FD-90E2-425F-B192-9BD801A713DC}"
EndProject
Global
	GlobalSection(SolutionConfigurationPlatforms) = preSolution
		Debug|Any CPU = Debug|Any CPU
		Debug|x64 = Debug|x64
		Debug|x86 = Debug|x86
		Release|Any CPU = Release|Any CPU
		Release|x64 = Release|x64
		Release|x86 = Release|x86
	EndGlobalSection
	GlobalSection(SolutionProperties) = preSolution
		HideSolutionNode = FALSE
	EndGlobalSection
	GlobalSection(ProjectConfigurationPlatforms) = postSolution
		{525A7BD9-2B9C-45BC-8C37-9DA733CB3953}.Debug|Any CPU.ActiveCfg = Debug|Any CPU
		{525A7BD9-2B9C-45BC-8C37-9DA733CB3953}.Debug|Any CPU.Build.0 = Debug|Any CPU
		{525A7BD9-2B9C-45BC-8C37-9DA733CB3953}.Debug|x64.ActiveCfg = Debug|Any CPU
		{525A7BD9-2B9C-45BC-8C37-9DA733CB3953}.Debug|x64.Build.0 = Debug|Any CPU
		{525A7BD9-2B9C-45BC-8C37-9DA733CB3953}.Debug|x86.ActiveCfg = Debug|Any CPU
		{525A7BD9-2B9C-45BC-8C37-9DA733CB3953}.Debug|x86.Build.0 = Debug|Any CPU
		{525A7BD9-2B9C-45BC-8C37-9DA733CB3953}.Release|Any CPU.ActiveCfg = Release|Any CPU
		{525A7BD9-2B9C-45BC-8C37-9DA733CB3953}.Release|Any CPU.Build.0 = Release|Any CPU
		{525A7BD9-2B9C-45BC-8C37-9DA733CB3953}.Release|x64.ActiveCfg = Release|Any CPU
		{525A7BD9-2B9C-45BC-8C37-9DA733CB3953}.Release|x64.Build.0 = Release|Any CPU
		{525A7BD9-2B9C-45BC-8C37-9DA733CB3953}.Release|x86.ActiveCfg = Release|Any CPU
		{525A7BD9-2B9C-45BC-8C37-9DA733CB3953}.Release|x86.Build.0 = Release|Any CPU
		{B46C64FD-90E2-425F-B192-9BD801A713DC}.Debug|Any CPU.ActiveCfg = Debug|Any CPU
		{B46C64FD-90E2-425F-B192-9BD801A713DC}.Debug|Any CPU.Build.0 = Debug|Any CPU
		{B46C64FD-90E2-425F-B192-9BD801A713DC}.Debug|x64.ActiveCfg = Debug|Any CPU
		{B46C64FD-90E2-425F-B192-9BD801A713DC}.Debug|x64.Build.0 = Debug|Any CPU
		{B46C64FD-90E2-425F-B192-9BD801A713DC}.Debug|x86.ActiveCfg = Debug|Any CPU
		{B46C64FD-90E2-425F-B192-9BD801A713DC}.Debug|x86.Build.0 = Debug|Any CPU
		{B46C64FD-90E2-425F-B192-9BD801A713DC}.Release|Any CPU.ActiveCfg = Release|Any CPU
		{B46C64FD-90E2-425F-B192-9BD801A713DC}.Release|Any CPU.Build.0 = Release|Any CPU
		{B46C64FD-90E2-425F-B192-9BD801A713DC}.Release|x64.ActiveCfg = Release|Any CPU
		{B46C64FD-90E2-425F-B192-9BD801A713DC}.Release|x64.Build.0 = Release|Any CPU
		{B46C64FD-90E2-425F-B192-9BD801A713DC}.Release|x86.ActiveCfg = Release|Any CPU
		{B46C64FD-90E2-425F-B192-9BD801A713DC}.Release|x86.Build.0 = Release|Any CPU
	EndGlobalSection
EndGlobal
